// !$*UTF8*$!
{
	archiveVersion = 1;
	classes = {
	};
	objectVersion = 50;
	objects = {

/* Begin PBXBuildFile section */
		9203136122B1B7AF0014867A /* GameScreenViewController.swift in Sources */ = {isa = PBXBuildFile; fileRef = 9203136022B1B7AF0014867A /* GameScreenViewController.swift */; };
		EC2A990F22B2E9EC00E96A39 /* Gif.swift in Sources */ = {isa = PBXBuildFile; fileRef = EC2A990E22B2E9EC00E96A39 /* Gif.swift */; };
		EC2A991122B2EA9800E96A39 /* giphy.gif in Resources */ = {isa = PBXBuildFile; fileRef = EC2A991022B2EA9800E96A39 /* giphy.gif */; };
		EC2A991322B2EB3800E96A39 /* flawlessvictory.mp3 in Resources */ = {isa = PBXBuildFile; fileRef = EC2A991222B2EB3800E96A39 /* flawlessvictory.mp3 */; };
		EC2A991522B2EC0400E96A39 /* tenor.gif in Resources */ = {isa = PBXBuildFile; fileRef = EC2A991422B2EC0400E96A39 /* tenor.gif */; };
		EC2A991722B2EE3400E96A39 /* yousuck.mp3 in Resources */ = {isa = PBXBuildFile; fileRef = EC2A991622B2EE3400E96A39 /* yousuck.mp3 */; };
		ECC3967122B1798F00811A37 /* AppDelegate.swift in Sources */ = {isa = PBXBuildFile; fileRef = ECC3967022B1798F00811A37 /* AppDelegate.swift */; };
		ECC3967322B1798F00811A37 /* ViewController.swift in Sources */ = {isa = PBXBuildFile; fileRef = ECC3967222B1798F00811A37 /* ViewController.swift */; };
		ECC3967622B1798F00811A37 /* Main.storyboard in Resources */ = {isa = PBXBuildFile; fileRef = ECC3967422B1798F00811A37 /* Main.storyboard */; };
		ECC3967822B1799200811A37 /* Assets.xcassets in Resources */ = {isa = PBXBuildFile; fileRef = ECC3967722B1799200811A37 /* Assets.xcassets */; };
		ECC3967B22B1799200811A37 /* LaunchScreen.storyboard in Resources */ = {isa = PBXBuildFile; fileRef = ECC3967922B1799200811A37 /* LaunchScreen.storyboard */; };
/* End PBXBuildFile section */

/* Begin PBXFileReference section */
		9203136022B1B7AF0014867A /* GameScreenViewController.swift */ = {isa = PBXFileReference; lastKnownFileType = sourcecode.swift; path = GameScreenViewController.swift; sourceTree = "<group>"; };
		EC2A990E22B2E9EC00E96A39 /* Gif.swift */ = {isa = PBXFileReference; lastKnownFileType = sourcecode.swift; path = Gif.swift; sourceTree = "<group>"; };
		EC2A991022B2EA9800E96A39 /* giphy.gif */ = {isa = PBXFileReference; lastKnownFileType = image.gif; path = giphy.gif; sourceTree = "<group>"; };
		EC2A991222B2EB3800E96A39 /* flawlessvictory.mp3 */ = {isa = PBXFileReference; lastKnownFileType = audio.mp3; path = flawlessvictory.mp3; sourceTree = "<group>"; };
		EC2A991422B2EC0400E96A39 /* tenor.gif */ = {isa = PBXFileReference; lastKnownFileType = image.gif; path = tenor.gif; sourceTree = "<group>"; };
		EC2A991622B2EE3400E96A39 /* yousuck.mp3 */ = {isa = PBXFileReference; lastKnownFileType = audio.mp3; path = yousuck.mp3; sourceTree = "<group>"; };
		ECC3966D22B1798F00811A37 /* MyCoolNewGameProject.app */ = {isa = PBXFileReference; explicitFileType = wrapper.application; includeInIndex = 0; path = MyCoolNewGameProject.app; sourceTree = BUILT_PRODUCTS_DIR; };
		ECC3967022B1798F00811A37 /* AppDelegate.swift */ = {isa = PBXFileReference; lastKnownFileType = sourcecode.swift; path = AppDelegate.swift; sourceTree = "<group>"; };
		ECC3967222B1798F00811A37 /* ViewController.swift */ = {isa = PBXFileReference; lastKnownFileType = sourcecode.swift; path = ViewController.swift; sourceTree = "<group>"; };
		ECC3967522B1798F00811A37 /* Base */ = {isa = PBXFileReference; lastKnownFileType = file.storyboard; name = Base; path = Base.lproj/Main.storyboard; sourceTree = "<group>"; };
		ECC3967722B1799200811A37 /* Assets.xcassets */ = {isa = PBXFileReference; lastKnownFileType = folder.assetcatalog; path = Assets.xcassets; sourceTree = "<group>"; };
		ECC3967A22B1799200811A37 /* Base */ = {isa = PBXFileReference; lastKnownFileType = file.storyboard; name = Base; path = Base.lproj/LaunchScreen.storyboard; sourceTree = "<group>"; };
		ECC3967C22B1799200811A37 /* Info.plist */ = {isa = PBXFileReference; lastKnownFileType = text.plist.xml; path = Info.plist; sourceTree = "<group>"; };
/* End PBXFileReference section */

/* Begin PBXFrameworksBuildPhase section */
		ECC3966A22B1798F00811A37 /* Frameworks */ = {
			isa = PBXFrameworksBuildPhase;
			buildActionMask = 2147483647;
			files = (
			);
			runOnlyForDeploymentPostprocessing = 0;
		};
/* End PBXFrameworksBuildPhase section */

/* Begin PBXGroup section */
		ECC3966422B1798F00811A37 = {
			isa = PBXGroup;
			children = (
				ECC3966F22B1798F00811A37 /* MyCoolNewGameProject */,
				ECC3966E22B1798F00811A37 /* Products */,
			);
			sourceTree = "<group>";
		};
		ECC3966E22B1798F00811A37 /* Products */ = {
			isa = PBXGroup;
			children = (
				ECC3966D22B1798F00811A37 /* MyCoolNewGameProject.app */,
			);
			name = Products;
			sourceTree = "<group>";
		};
		ECC3966F22B1798F00811A37 /* MyCoolNewGameProject */ = {
			isa = PBXGroup;
			children = (
				ECC3967022B1798F00811A37 /* AppDelegate.swift */,
				ECC3967222B1798F00811A37 /* ViewController.swift */,
				ECC3967422B1798F00811A37 /* Main.storyboard */,
				ECC3967722B1799200811A37 /* Assets.xcassets */,
				ECC3967922B1799200811A37 /* LaunchScreen.storyboard */,
				ECC3967C22B1799200811A37 /* Info.plist */,
				9203136022B1B7AF0014867A /* GameScreenViewController.swift */,
				EC2A990E22B2E9EC00E96A39 /* Gif.swift */,
				EC2A991022B2EA9800E96A39 /* giphy.gif */,
				EC2A991422B2EC0400E96A39 /* tenor.gif */,
				EC2A991222B2EB3800E96A39 /* flawlessvictory.mp3 */,
				EC2A991622B2EE3400E96A39 /* yousuck.mp3 */,
			);
			path = MyCoolNewGameProject;
			sourceTree = "<group>";
		};
/* End PBXGroup section */

/* Begin PBXNativeTarget section */
		ECC3966C22B1798F00811A37 /* MyCoolNewGameProject */ = {
			isa = PBXNativeTarget;
			buildConfigurationList = ECC3967F22B1799200811A37 /* Build configuration list for PBXNativeTarget "MyCoolNewGameProject" */;
			buildPhases = (
				ECC3966922B1798F00811A37 /* Sources */,
				ECC3966A22B1798F00811A37 /* Frameworks */,
				ECC3966B22B1798F00811A37 /* Resources */,
			);
			buildRules = (
			);
			dependencies = (
			);
			name = MyCoolNewGameProject;
			productName = MyCoolNewGameProject;
			productReference = ECC3966D22B1798F00811A37 /* MyCoolNewGameProject.app */;
			productType = "com.apple.product-type.application";
		};
/* End PBXNativeTarget section */

/* Begin PBXProject section */
		ECC3966522B1798F00811A37 /* Project object */ = {
			isa = PBXProject;
			attributes = {
				LastSwiftUpdateCheck = 1020;
				LastUpgradeCheck = 1020;
				ORGANIZATIONNAME = "Lo Howard";
				TargetAttributes = {
					ECC3966C22B1798F00811A37 = {
						CreatedOnToolsVersion = 10.2.1;
					};
				};
			};
			buildConfigurationList = ECC3966822B1798F00811A37 /* Build configuration list for PBXProject "MyCoolNewGameProject" */;
			compatibilityVersion = "Xcode 9.3";
			developmentRegion = en;
			hasScannedForEncodings = 0;
			knownRegions = (
				en,
				Base,
			);
			mainGroup = ECC3966422B1798F00811A37;
			productRefGroup = ECC3966E22B1798F00811A37 /* Products */;
			projectDirPath = "";
			projectRoot = "";
			targets = (
				ECC3966C22B1798F00811A37 /* MyCoolNewGameProject */,
			);
		};
/* End PBXProject section */

/* Begin PBXResourcesBuildPhase section */
		ECC3966B22B1798F00811A37 /* Resources */ = {
			isa = PBXResourcesBuildPhase;
			buildActionMask = 2147483647;
			files = (
				ECC3967B22B1799200811A37 /* LaunchScreen.storyboard in Resources */,
				ECC3967822B1799200811A37 /* Assets.xcassets in Resources */,
				EC2A991122B2EA9800E96A39 /* giphy.gif in Resources */,
				ECC3967622B1798F00811A37 /* Main.storyboard in Resources */,
				EC2A991322B2EB3800E96A39 /* flawlessvictory.mp3 in Resources */,
				EC2A991722B2EE3400E96A39 /* yousuck.mp3 in Resources */,
				EC2A991522B2EC0400E96A39 /* tenor.gif in Resources */,
			);
			runOnlyForDeploymentPostprocessing = 0;
		};
/* End PBXResourcesBuildPhase section */

/* Begin PBXSourcesBuildPhase section */
		ECC3966922B1798F00811A37 /* Sources */ = {
			isa = PBXSourcesBuildPhase;
			buildActionMask = 2147483647;
			files = (
				9203136122B1B7AF0014867A /* GameScreenViewController.swift in Sources */,
				ECC3967322B1798F00811A37 /* ViewController.swift in Sources */,
				EC2A990F22B2E9EC00E96A39 /* Gif.swift in Sources */,
				ECC3967122B1798F00811A37 /* AppDelegate.swift in Sources */,
			);
			runOnlyForDeploymentPostprocessing = 0;
		};
/* End PBXSourcesBuildPhase section */

/* Begin PBXVariantGroup section */
		ECC3967422B1798F00811A37 /* Main.storyboard */ = {
			isa = PBXVariantGroup;
			children = (
				ECC3967522B1798F00811A37 /* Base */,
			);
			name = Main.storyboard;
			sourceTree = "<group>";
		};
		ECC3967922B1799200811A37 /* LaunchScreen.storyboard */ = {
			isa = PBXVariantGroup;
			children = (
				ECC3967A22B1799200811A37 /* Base */,
			);
			name = LaunchScreen.storyboard;
			sourceTree = "<group>";
		};
/* End PBXVariantGroup section */

/* Begin XCBuildConfiguration section */
		ECC3967D22B1799200811A37 /* Debug */ = {
			isa = XCBuildConfiguration;
			buildSettings = {
				ALWAYS_SEARCH_USER_PATHS = NO;
				CLANG_ANALYZER_NONNULL = YES;
				CLANG_ANALYZER_NUMBER_OBJECT_CONVERSION = YES_AGGRESSIVE;
				CLANG_CXX_LANGUAGE_STANDARD = "gnu++14";
				CLANG_CXX_LIBRARY = "libc++";
				CLANG_ENABLE_MODULES = YES;
				CLANG_ENABLE_OBJC_ARC = YES;
				CLANG_ENABLE_OBJC_WEAK = YES;
				CLANG_WARN_BLOCK_CAPTURE_AUTORELEASING = YES;
				CLANG_WARN_BOOL_CONVERSION = YES;
				CLANG_WARN_COMMA = YES;
				CLANG_WARN_CONSTANT_CONVERSION = YES;
				CLANG_WARN_DEPRECATED_OBJC_IMPLEMENTATIONS = YES;
				CLANG_WARN_DIRECT_OBJC_ISA_USAGE = YES_ERROR;
				CLANG_WARN_DOCUMENTATION_COMMENTS = YES;
				CLANG_WARN_EMPTY_BODY = YES;
				CLANG_WARN_ENUM_CONVERSION = YES;
				CLANG_WARN_INFINITE_RECURSION = YES;
				CLANG_WARN_INT_CONVERSION = YES;
				CLANG_WARN_NON_LITERAL_NULL_CONVERSION = YES;
				CLANG_WARN_OBJC_IMPLICIT_RETAIN_SELF = YES;
				CLANG_WARN_OBJC_LITERAL_CONVERSION = YES;
				CLANG_WARN_OBJC_ROOT_CLASS = YES_ERROR;
				CLANG_WARN_RANGE_LOOP_ANALYSIS = YES;
				CLANG_WARN_STRICT_PROTOTYPES = YES;
				CLANG_WARN_SUSPICIOUS_MOVE = YES;
				CLANG_WARN_UNGUARDED_AVAILABILITY = YES_AGGRESSIVE;
				CLANG_WARN_UNREACHABLE_CODE = YES;
				CLANG_WARN__DUPLICATE_METHOD_MATCH = YES;
				CODE_SIGN_IDENTITY = "iPhone Developer";
				COPY_PHASE_STRIP = NO;
				DEBUG_INFORMATION_FORMAT = dwarf;
				ENABLE_STRICT_OBJC_MSGSEND = YES;
				ENABLE_TESTABILITY = YES;
				GCC_C_LANGUAGE_STANDARD = gnu11;
				GCC_DYNAMIC_NO_PIC = NO;
				GCC_NO_COMMON_BLOCKS = YES;
				GCC_OPTIMIZATION_LEVEL = 0;
				GCC_PREPROCESSOR_DEFINITIONS = (
					"DEBUG=1",
					"$(inherited)",
				);
				GCC_WARN_64_TO_32_BIT_CONVERSION = YES;
				GCC_WARN_ABOUT_RETURN_TYPE = YES_ERROR;
				GCC_WARN_UNDECLARED_SELECTOR = YES;
				GCC_WARN_UNINITIALIZED_AUTOS = YES_AGGRESSIVE;
				GCC_WARN_UNUSED_FUNCTION = YES;
				GCC_WARN_UNUSED_VARIABLE = YES;
				IPHONEOS_DEPLOYMENT_TARGET = 12.2;
				MTL_ENABLE_DEBUG_INFO = INCLUDE_SOURCE;
				MTL_FAST_MATH = YES;
				ONLY_ACTIVE_ARCH = YES;
				SDKROOT = iphoneos;
				SWIFT_ACTIVE_COMPILATION_CONDITIONS = DEBUG;
				SWIFT_OPTIMIZATION_LEVEL = "-Onone";
			};
			name = Debug;
		};
		ECC3967E22B1799200811A37 /* Release */ = {
			isa = XCBuildConfiguration;
			buildSettings = {
				ALWAYS_SEARCH_USER_PATHS = NO;
				CLANG_ANALYZER_NONNULL = YES;
				CLANG_ANALYZER_NUMBER_OBJECT_CONVERSION = YES_AGGRESSIVE;
				CLANG_CXX_LANGUAGE_STANDARD = "gnu++14";
				CLANG_CXX_LIBRARY = "libc++";
				CLANG_ENABLE_MODULES = YES;
				CLANG_ENABLE_OBJC_ARC = YES;
				CLANG_ENABLE_OBJC_WEAK = YES;
				CLANG_WARN_BLOCK_CAPTURE_AUTORELEASING = YES;
				CLANG_WARN_BOOL_CONVERSION = YES;
				CLANG_WARN_COMMA = YES;
				CLANG_WARN_CONSTANT_CONVERSION = YES;
				CLANG_WARN_DEPRECATED_OBJC_IMPLEMENTATIONS = YES;
				CLANG_WARN_DIRECT_OBJC_ISA_USAGE = YES_ERROR;
				CLANG_WARN_DOCUMENTATION_COMMENTS = YES;
				CLANG_WARN_EMPTY_BODY = YES;
				CLANG_WARN_ENUM_CONVERSION = YES;
				CLANG_WARN_INFINITE_RECURSION = YES;
				CLANG_WARN_INT_CONVERSION = YES;
				CLANG_WARN_NON_LITERAL_NULL_CONVERSION = YES;
				CLANG_WARN_OBJC_IMPLICIT_RETAIN_SELF = YES;
				CLANG_WARN_OBJC_LITERAL_CONVERSION = YES;
				CLANG_WARN_OBJC_ROOT_CLASS = YES_ERROR;
				CLANG_WARN_RANGE_LOOP_ANALYSIS = YES;
				CLANG_WARN_STRICT_PROTOTYPES = YES;
				CLANG_WARN_SUSPICIOUS_MOVE = YES;
				CLANG_WARN_UNGUARDED_AVAILABILITY = YES_AGGRESSIVE;
				CLANG_WARN_UNREACHABLE_CODE = YES;
				CLANG_WARN__DUPLICATE_METHOD_MATCH = YES;
				CODE_SIGN_IDENTITY = "iPhone Developer";
				COPY_PHASE_STRIP = NO;
				DEBUG_INFORMATION_FORMAT = "dwarf-with-dsym";
				ENABLE_NS_ASSERTIONS = NO;
				ENABLE_STRICT_OBJC_MSGSEND = YES;
				GCC_C_LANGUAGE_STANDARD = gnu11;
				GCC_NO_COMMON_BLOCKS = YES;
				GCC_WARN_64_TO_32_BIT_CONVERSION = YES;
				GCC_WARN_ABOUT_RETURN_TYPE = YES_ERROR;
				GCC_WARN_UNDECLARED_SELECTOR = YES;
				GCC_WARN_UNINITIALIZED_AUTOS = YES_AGGRESSIVE;
				GCC_WARN_UNUSED_FUNCTION = YES;
				GCC_WARN_UNUSED_VARIABLE = YES;
				IPHONEOS_DEPLOYMENT_TARGET = 12.2;
				MTL_ENABLE_DEBUG_INFO = NO;
				MTL_FAST_MATH = YES;
				SDKROOT = iphoneos;
				SWIFT_COMPILATION_MODE = wholemodule;
				SWIFT_OPTIMIZATION_LEVEL = "-O";
				VALIDATE_PRODUCT = YES;
			};
			name = Release;
		};
		ECC3968022B1799200811A37 /* Debug */ = {
			isa = XCBuildConfiguration;
			buildSettings = {
				ASSETCATALOG_COMPILER_APPICON_NAME = AppIcon;
				CODE_SIGN_STYLE = Automatic;
				DEVELOPMENT_TEAM = VGUCD6ZAV7;
				INFOPLIST_FILE = MyCoolNewGameProject/Info.plist;
				LD_RUNPATH_SEARCH_PATHS = (
					"$(inherited)",
					"@executable_path/Frameworks",
				);
				PRODUCT_BUNDLE_IDENTIFIER = com.Lo.MyCoolNewGameProject;
				PRODUCT_NAME = "$(TARGET_NAME)";
				SWIFT_VERSION = 5.0;
				TARGETED_DEVICE_FAMILY = "1,2";
			};
			name = Debug;
		};
		ECC3968122B1799200811A37 /* Release */ = {
			isa = XCBuildConfiguration;
			buildSettings = {
				ASSETCATALOG_COMPILER_APPICON_NAME = AppIcon;
				CODE_SIGN_STYLE = Automatic;
				DEVELOPMENT_TEAM = VGUCD6ZAV7;
				INFOPLIST_FILE = MyCoolNewGameProject/Info.plist;
				LD_RUNPATH_SEARCH_PATHS = (
					"$(inherited)",
					"@executable_path/Frameworks",
				);
				PRODUCT_BUNDLE_IDENTIFIER = com.Lo.MyCoolNewGameProject;
				PRODUCT_NAME = "$(TARGET_NAME)";
				SWIFT_VERSION = 5.0;
				TARGETED_DEVICE_FAMILY = "1,2";
			};
			name = Release;
		};
/* End XCBuildConfiguration section */

/* Begin XCConfigurationList section */
		ECC3966822B1798F00811A37 /* Build configuration list for PBXProject "MyCoolNewGameProject" */ = {
			isa = XCConfigurationList;
			buildConfigurations = (
				ECC3967D22B1799200811A37 /* Debug */,
				ECC3967E22B1799200811A37 /* Release */,
			);
			defaultConfigurationIsVisible = 0;
			defaultConfigurationName = Release;
		};
		ECC3967F22B1799200811A37 /* Build configuration list for PBXNativeTarget "MyCoolNewGameProject" */ = {
			isa = XCConfigurationList;
			buildConfigurations = (
				ECC3968022B1799200811A37 /* Debug */,
				ECC3968122B1799200811A37 /* Release */,
			);
			defaultConfigurationIsVisible = 0;
			defaultConfigurationName = Release;
		};
/* End XCConfigurationList section */
	};
	rootObject = ECC3966522B1798F00811A37 /* Project object */;
}
